
Microsoft Visual Studio Solution File, Format Version 12.00
# Visual Studio Version 17
VisualStudioVersion = 17.4.33110.190
MinimumVisualStudioVersion = 10.0.40219.1
Project("{9A19103F-16F7-4668-BE54-9A1E7A4F7556}") = "ajbachiller.ps_secret_management", "ajbachiller.ps_secret_management\ajbachiller.ps_secret_management.csproj", "{3C0AAA3A-CB75-485C-80A2-77856A3A0D13}"
EndProject
Global
	GlobalSection(SolutionConfigurationPlatforms) = preSolution
		Debug|Any CPU = Debug|Any CPU
		Release|Any CPU = Release|Any CPU
	EndGlobalSection
	GlobalSection(ProjectConfigurationPlatforms) = postSolution
		{3C0AAA3A-CB75-485C-80A2-77856A3A0D13}.Debug|Any CPU.ActiveCfg = Debug|Any CPU
		{3C0AAA3A-CB75-485C-80A2-77856A3A0D13}.Debug|Any CPU.Build.0 = Debug|Any CPU
		{3C0AAA3A-CB75-485C-80A2-77856A3A0D13}.Release|Any CPU.ActiveCfg = Release|Any CPU
		{3C0AAA3A-CB75-485C-80A2-77856A3A0D13}.Release|Any CPU.Build.0 = Release|Any CPU
	EndGlobalSection
	GlobalSection(SolutionProperties) = preSolution
		HideSolutionNode = FALSE
	EndGlobalSection
	GlobalSection(ExtensibilityGlobals) = postSolution
		SolutionGuid = {E5EF00EF-FB52-4F2A-8E82-F26787AAD598}
	EndGlobalSection
EndGlobal
